// !$*UTF8*$!
{
	archiveVersion = 1;
	classes = {
	};
	objectVersion = 55;
	objects = {

/* Begin PBXBuildFile section */
		2FA6BD9D27EEAE73007F766E /* AppDelegate.swift in Sources */ = {isa = PBXBuildFile; fileRef = 2FA6BD9C27EEAE73007F766E /* AppDelegate.swift */; };
		2FA6BD9F27EEAE73007F766E /* SceneDelegate.swift in Sources */ = {isa = PBXBuildFile; fileRef = 2FA6BD9E27EEAE73007F766E /* SceneDelegate.swift */; };
		2FA6BDA127EEAE73007F766E /* ViewController.swift in Sources */ = {isa = PBXBuildFile; fileRef = 2FA6BDA027EEAE73007F766E /* ViewController.swift */; };
		2FA6BDA427EEAE73007F766E /* Main.storyboard in Resources */ = {isa = PBXBuildFile; fileRef = 2FA6BDA227EEAE73007F766E /* Main.storyboard */; };
		2FA6BDA627EEAE74007F766E /* Assets.xcassets in Resources */ = {isa = PBXBuildFile; fileRef = 2FA6BDA527EEAE74007F766E /* Assets.xcassets */; };
		2FA6BDA927EEAE74007F766E /* LaunchScreen.storyboard in Resources */ = {isa = PBXBuildFile; fileRef = 2FA6BDA727EEAE74007F766E /* LaunchScreen.storyboard */; };
		2FA6BDB427EEAE74007F766E /* RappiPeliTests.swift in Sources */ = {isa = PBXBuildFile; fileRef = 2FA6BDB327EEAE74007F766E /* RappiPeliTests.swift */; };
		2FA6BDBE27EEAE74007F766E /* RappiPeliUITests.swift in Sources */ = {isa = PBXBuildFile; fileRef = 2FA6BDBD27EEAE74007F766E /* RappiPeliUITests.swift */; };
		2FA6BDC027EEAE74007F766E /* RappiPeliUITestsLaunchTests.swift in Sources */ = {isa = PBXBuildFile; fileRef = 2FA6BDBF27EEAE74007F766E /* RappiPeliUITestsLaunchTests.swift */; };
/* End PBXBuildFile section */

/* Begin PBXContainerItemProxy section */
		2FA6BDB027EEAE74007F766E /* PBXContainerItemProxy */ = {
			isa = PBXContainerItemProxy;
			containerPortal = 2FA6BD9127EEAE73007F766E /* Project object */;
			proxyType = 1;
			remoteGlobalIDString = 2FA6BD9827EEAE73007F766E;
			remoteInfo = RappiPeli;
		};
		2FA6BDBA27EEAE74007F766E /* PBXContainerItemProxy */ = {
			isa = PBXContainerItemProxy;
			containerPortal = 2FA6BD9127EEAE73007F766E /* Project object */;
			proxyType = 1;
			remoteGlobalIDString = 2FA6BD9827EEAE73007F766E;
			remoteInfo = RappiPeli;
		};
/* End PBXContainerItemProxy section */

/* Begin PBXFileReference section */
		2FA6BD9927EEAE73007F766E /* RappiPeli.app */ = {isa = PBXFileReference; explicitFileType = wrapper.application; includeInIndex = 0; path = RappiPeli.app; sourceTree = BUILT_PRODUCTS_DIR; };
		2FA6BD9C27EEAE73007F766E /* AppDelegate.swift */ = {isa = PBXFileReference; lastKnownFileType = sourcecode.swift; path = AppDelegate.swift; sourceTree = "<group>"; };
		2FA6BD9E27EEAE73007F766E /* SceneDelegate.swift */ = {isa = PBXFileReference; lastKnownFileType = sourcecode.swift; path = SceneDelegate.swift; sourceTree = "<group>"; };
		2FA6BDA027EEAE73007F766E /* ViewController.swift */ = {isa = PBXFileReference; lastKnownFileType = sourcecode.swift; path = ViewController.swift; sourceTree = "<group>"; };
		2FA6BDA327EEAE73007F766E /* Base */ = {isa = PBXFileReference; lastKnownFileType = file.storyboard; name = Base; path = Base.lproj/Main.storyboard; sourceTree = "<group>"; };
		2FA6BDA527EEAE74007F766E /* Assets.xcassets */ = {isa = PBXFileReference; lastKnownFileType = folder.assetcatalog; path = Assets.xcassets; sourceTree = "<group>"; };
		2FA6BDA827EEAE74007F766E /* Base */ = {isa = PBXFileReference; lastKnownFileType = file.storyboard; name = Base; path = Base.lproj/LaunchScreen.storyboard; sourceTree = "<group>"; };
		2FA6BDAA27EEAE74007F766E /* Info.plist */ = {isa = PBXFileReference; lastKnownFileType = text.plist.xml; path = Info.plist; sourceTree = "<group>"; };
		2FA6BDAF27EEAE74007F766E /* RappiPeliTests.xctest */ = {isa = PBXFileReference; explicitFileType = wrapper.cfbundle; includeInIndex = 0; path = RappiPeliTests.xctest; sourceTree = BUILT_PRODUCTS_DIR; };
		2FA6BDB327EEAE74007F766E /* RappiPeliTests.swift */ = {isa = PBXFileReference; lastKnownFileType = sourcecode.swift; path = RappiPeliTests.swift; sourceTree = "<group>"; };
		2FA6BDB927EEAE74007F766E /* RappiPeliUITests.xctest */ = {isa = PBXFileReference; explicitFileType = wrapper.cfbundle; includeInIndex = 0; path = RappiPeliUITests.xctest; sourceTree = BUILT_PRODUCTS_DIR; };
		2FA6BDBD27EEAE74007F766E /* RappiPeliUITests.swift */ = {isa = PBXFileReference; lastKnownFileType = sourcecode.swift; path = RappiPeliUITests.swift; sourceTree = "<group>"; };
		2FA6BDBF27EEAE74007F766E /* RappiPeliUITestsLaunchTests.swift */ = {isa = PBXFileReference; lastKnownFileType = sourcecode.swift; path = RappiPeliUITestsLaunchTests.swift; sourceTree = "<group>"; };
/* End PBXFileReference section */

/* Begin PBXFrameworksBuildPhase section */
		2FA6BD9627EEAE73007F766E /* Frameworks */ = {
			isa = PBXFrameworksBuildPhase;
			buildActionMask = 2147483647;
			files = (
			);
			runOnlyForDeploymentPostprocessing = 0;
		};
		2FA6BDAC27EEAE74007F766E /* Frameworks */ = {
			isa = PBXFrameworksBuildPhase;
			buildActionMask = 2147483647;
			files = (
			);
			runOnlyForDeploymentPostprocessing = 0;
		};
		2FA6BDB627EEAE74007F766E /* Frameworks */ = {
			isa = PBXFrameworksBuildPhase;
			buildActionMask = 2147483647;
			files = (
			);
			runOnlyForDeploymentPostprocessing = 0;
		};
/* End PBXFrameworksBuildPhase section */

/* Begin PBXGroup section */
		2FA6BD9027EEAE73007F766E = {
			isa = PBXGroup;
			children = (
				2FA6BD9B27EEAE73007F766E /* RappiPeli */,
				2FA6BDB227EEAE74007F766E /* RappiPeliTests */,
				2FA6BDBC27EEAE74007F766E /* RappiPeliUITests */,
				2FA6BD9A27EEAE73007F766E /* Products */,
			);
			sourceTree = "<group>";
		};
		2FA6BD9A27EEAE73007F766E /* Products */ = {
			isa = PBXGroup;
			children = (
				2FA6BD9927EEAE73007F766E /* RappiPeli.app */,
				2FA6BDAF27EEAE74007F766E /* RappiPeliTests.xctest */,
				2FA6BDB927EEAE74007F766E /* RappiPeliUITests.xctest */,
			);
			name = Products;
			sourceTree = "<group>";
		};
		2FA6BD9B27EEAE73007F766E /* RappiPeli */ = {
			isa = PBXGroup;
			children = (
				2FA6BD9C27EEAE73007F766E /* AppDelegate.swift */,
				2FA6BD9E27EEAE73007F766E /* SceneDelegate.swift */,
				2FA6BDA027EEAE73007F766E /* ViewController.swift */,
				2FA6BDA227EEAE73007F766E /* Main.storyboard */,
				2FA6BDA527EEAE74007F766E /* Assets.xcassets */,
				2FA6BDA727EEAE74007F766E /* LaunchScreen.storyboard */,
				2FA6BDAA27EEAE74007F766E /* Info.plist */,
			);
			path = RappiPeli;
			sourceTree = "<group>";
		};
		2FA6BDB227EEAE74007F766E /* RappiPeliTests */ = {
			isa = PBXGroup;
			children = (
				2FA6BDB327EEAE74007F766E /* RappiPeliTests.swift */,
			);
			path = RappiPeliTests;
			sourceTree = "<group>";
		};
		2FA6BDBC27EEAE74007F766E /* RappiPeliUITests */ = {
			isa = PBXGroup;
			children = (
				2FA6BDBD27EEAE74007F766E /* RappiPeliUITests.swift */,
				2FA6BDBF27EEAE74007F766E /* RappiPeliUITestsLaunchTests.swift */,
			);
			path = RappiPeliUITests;
			sourceTree = "<group>";
		};
/* End PBXGroup section */

/* Begin PBXNativeTarget section */
		2FA6BD9827EEAE73007F766E /* RappiPeli */ = {
			isa = PBXNativeTarget;
			buildConfigurationList = 2FA6BDC327EEAE74007F766E /* Build configuration list for PBXNativeTarget "RappiPeli" */;
			buildPhases = (
				2FA6BD9527EEAE73007F766E /* Sources */,
				2FA6BD9627EEAE73007F766E /* Frameworks */,
				2FA6BD9727EEAE73007F766E /* Resources */,
			);
			buildRules = (
			);
			dependencies = (
			);
			name = RappiPeli;
			productName = RappiPeli;
			productReference = 2FA6BD9927EEAE73007F766E /* RappiPeli.app */;
			productType = "com.apple.product-type.application";
		};
		2FA6BDAE27EEAE74007F766E /* RappiPeliTests */ = {
			isa = PBXNativeTarget;
			buildConfigurationList = 2FA6BDC627EEAE74007F766E /* Build configuration list for PBXNativeTarget "RappiPeliTests" */;
			buildPhases = (
				2FA6BDAB27EEAE74007F766E /* Sources */,
				2FA6BDAC27EEAE74007F766E /* Frameworks */,
				2FA6BDAD27EEAE74007F766E /* Resources */,
			);
			buildRules = (
			);
			dependencies = (
				2FA6BDB127EEAE74007F766E /* PBXTargetDependency */,
			);
			name = RappiPeliTests;
			productName = RappiPeliTests;
			productReference = 2FA6BDAF27EEAE74007F766E /* RappiPeliTests.xctest */;
			productType = "com.apple.product-type.bundle.unit-test";
		};
		2FA6BDB827EEAE74007F766E /* RappiPeliUITests */ = {
			isa = PBXNativeTarget;
			buildConfigurationList = 2FA6BDC927EEAE74007F766E /* Build configuration list for PBXNativeTarget "RappiPeliUITests" */;
			buildPhases = (
				2FA6BDB527EEAE74007F766E /* Sources */,
				2FA6BDB627EEAE74007F766E /* Frameworks */,
				2FA6BDB727EEAE74007F766E /* Resources */,
			);
			buildRules = (
			);
			dependencies = (
				2FA6BDBB27EEAE74007F766E /* PBXTargetDependency */,
			);
			name = RappiPeliUITests;
			productName = RappiPeliUITests;
			productReference = 2FA6BDB927EEAE74007F766E /* RappiPeliUITests.xctest */;
			productType = "com.apple.product-type.bundle.ui-testing";
		};
/* End PBXNativeTarget section */

/* Begin PBXProject section */
		2FA6BD9127EEAE73007F766E /* Project object */ = {
			isa = PBXProject;
			attributes = {
				BuildIndependentTargetsInParallel = 1;
				LastSwiftUpdateCheck = 1330;
				LastUpgradeCheck = 1330;
				TargetAttributes = {
					2FA6BD9827EEAE73007F766E = {
						CreatedOnToolsVersion = 13.3;
					};
					2FA6BDAE27EEAE74007F766E = {
						CreatedOnToolsVersion = 13.3;
						TestTargetID = 2FA6BD9827EEAE73007F766E;
					};
					2FA6BDB827EEAE74007F766E = {
						CreatedOnToolsVersion = 13.3;
						TestTargetID = 2FA6BD9827EEAE73007F766E;
					};
				};
			};
			buildConfigurationList = 2FA6BD9427EEAE73007F766E /* Build configuration list for PBXProject "RappiPeli" */;
			compatibilityVersion = "Xcode 13.0";
			developmentRegion = en;
			hasScannedForEncodings = 0;
			knownRegions = (
				en,
				Base,
			);
			mainGroup = 2FA6BD9027EEAE73007F766E;
			productRefGroup = 2FA6BD9A27EEAE73007F766E /* Products */;
			projectDirPath = "";
			projectRoot = "";
			targets = (
				2FA6BD9827EEAE73007F766E /* RappiPeli */,
				2FA6BDAE27EEAE74007F766E /* RappiPeliTests */,
				2FA6BDB827EEAE74007F766E /* RappiPeliUITests */,
			);
		};
/* End PBXProject section */

/* Begin PBXResourcesBuildPhase section */
		2FA6BD9727EEAE73007F766E /* Resources */ = {
			isa = PBXResourcesBuildPhase;
			buildActionMask = 2147483647;
			files = (
				2FA6BDA927EEAE74007F766E /* LaunchScreen.storyboard in Resources */,
				2FA6BDA627EEAE74007F766E /* Assets.xcassets in Resources */,
				2FA6BDA427EEAE73007F766E /* Main.storyboard in Resources */,
			);
			runOnlyForDeploymentPostprocessing = 0;
		};
		2FA6BDAD27EEAE74007F766E /* Resources */ = {
			isa = PBXResourcesBuildPhase;
			buildActionMask = 2147483647;
			files = (
			);
			runOnlyForDeploymentPostprocessing = 0;
		};
		2FA6BDB727EEAE74007F766E /* Resources */ = {
			isa = PBXResourcesBuildPhase;
			buildActionMask = 2147483647;
			files = (
			);
			runOnlyForDeploymentPostprocessing = 0;
		};
/* End PBXResourcesBuildPhase section */

/* Begin PBXSourcesBuildPhase section */
		2FA6BD9527EEAE73007F766E /* Sources */ = {
			isa = PBXSourcesBuildPhase;
			buildActionMask = 2147483647;
			files = (
				2FA6BDA127EEAE73007F766E /* ViewController.swift in Sources */,
				2FA6BD9D27EEAE73007F766E /* AppDelegate.swift in Sources */,
				2FA6BD9F27EEAE73007F766E /* SceneDelegate.swift in Sources */,
			);
			runOnlyForDeploymentPostprocessing = 0;
		};
		2FA6BDAB27EEAE74007F766E /* Sources */ = {
			isa = PBXSourcesBuildPhase;
			buildActionMask = 2147483647;
			files = (
				2FA6BDB427EEAE74007F766E /* RappiPeliTests.swift in Sources */,
			);
			runOnlyForDeploymentPostprocessing = 0;
		};
		2FA6BDB527EEAE74007F766E /* Sources */ = {
			isa = PBXSourcesBuildPhase;
			buildActionMask = 2147483647;
			files = (
				2FA6BDBE27EEAE74007F766E /* RappiPeliUITests.swift in Sources */,
				2FA6BDC027EEAE74007F766E /* RappiPeliUITestsLaunchTests.swift in Sources */,
			);
			runOnlyForDeploymentPostprocessing = 0;
		};
/* End PBXSourcesBuildPhase section */

/* Begin PBXTargetDependency section */
		2FA6BDB127EEAE74007F766E /* PBXTargetDependency */ = {
			isa = PBXTargetDependency;
			target = 2FA6BD9827EEAE73007F766E /* RappiPeli */;
			targetProxy = 2FA6BDB027EEAE74007F766E /* PBXContainerItemProxy */;
		};
		2FA6BDBB27EEAE74007F766E /* PBXTargetDependency */ = {
			isa = PBXTargetDependency;
			target = 2FA6BD9827EEAE73007F766E /* RappiPeli */;
			targetProxy = 2FA6BDBA27EEAE74007F766E /* PBXContainerItemProxy */;
		};
/* End PBXTargetDependency section */

/* Begin PBXVariantGroup section */
		2FA6BDA227EEAE73007F766E /* Main.storyboard */ = {
			isa = PBXVariantGroup;
			children = (
				2FA6BDA327EEAE73007F766E /* Base */,
			);
			name = Main.storyboard;
			sourceTree = "<group>";
		};
		2FA6BDA727EEAE74007F766E /* LaunchScreen.storyboard */ = {
			isa = PBXVariantGroup;
			children = (
				2FA6BDA827EEAE74007F766E /* Base */,
			);
			name = LaunchScreen.storyboard;
			sourceTree = "<group>";
		};
/* End PBXVariantGroup section */

/* Begin XCBuildConfiguration section */
		2FA6BDC127EEAE74007F766E /* Debug */ = {
			isa = XCBuildConfiguration;
			buildSettings = {
				ALWAYS_SEARCH_USER_PATHS = NO;
				CLANG_ANALYZER_NONNULL = YES;
				CLANG_ANALYZER_NUMBER_OBJECT_CONVERSION = YES_AGGRESSIVE;
				CLANG_CXX_LANGUAGE_STANDARD = "gnu++17";
				CLANG_ENABLE_MODULES = YES;
				CLANG_ENABLE_OBJC_ARC = YES;
				CLANG_ENABLE_OBJC_WEAK = YES;
				CLANG_WARN_BLOCK_CAPTURE_AUTORELEASING = YES;
				CLANG_WARN_BOOL_CONVERSION = YES;
				CLANG_WARN_COMMA = YES;
				CLANG_WARN_CONSTANT_CONVERSION = YES;
				CLANG_WARN_DEPRECATED_OBJC_IMPLEMENTATIONS = YES;
				CLANG_WARN_DIRECT_OBJC_ISA_USAGE = YES_ERROR;
				CLANG_WARN_DOCUMENTATION_COMMENTS = YES;
				CLANG_WARN_EMPTY_BODY = YES;
				CLANG_WARN_ENUM_CONVERSION = YES;
				CLANG_WARN_INFINITE_RECURSION = YES;
				CLANG_WARN_INT_CONVERSION = YES;
				CLANG_WARN_NON_LITERAL_NULL_CONVERSION = YES;
				CLANG_WARN_OBJC_IMPLICIT_RETAIN_SELF = YES;
				CLANG_WARN_OBJC_LITERAL_CONVERSION = YES;
				CLANG_WARN_OBJC_ROOT_CLASS = YES_ERROR;
				CLANG_WARN_QUOTED_INCLUDE_IN_FRAMEWORK_HEADER = YES;
				CLANG_WARN_RANGE_LOOP_ANALYSIS = YES;
				CLANG_WARN_STRICT_PROTOTYPES = YES;
				CLANG_WARN_SUSPICIOUS_MOVE = YES;
				CLANG_WARN_UNGUARDED_AVAILABILITY = YES_AGGRESSIVE;
				CLANG_WARN_UNREACHABLE_CODE = YES;
				CLANG_WARN__DUPLICATE_METHOD_MATCH = YES;
				COPY_PHASE_STRIP = NO;
				DEBUG_INFORMATION_FORMAT = dwarf;
				ENABLE_STRICT_OBJC_MSGSEND = YES;
				ENABLE_TESTABILITY = YES;
				GCC_C_LANGUAGE_STANDARD = gnu11;
				GCC_DYNAMIC_NO_PIC = NO;
				GCC_NO_COMMON_BLOCKS = YES;
				GCC_OPTIMIZATION_LEVEL = 0;
				GCC_PREPROCESSOR_DEFINITIONS = (
					"DEBUG=1",
					"$(inherited)",
				);
				GCC_WARN_64_TO_32_BIT_CONVERSION = YES;
				GCC_WARN_ABOUT_RETURN_TYPE = YES_ERROR;
				GCC_WARN_UNDECLARED_SELECTOR = YES;
				GCC_WARN_UNINITIALIZED_AUTOS = YES_AGGRESSIVE;
				GCC_WARN_UNUSED_FUNCTION = YES;
				GCC_WARN_UNUSED_VARIABLE = YES;
				IPHONEOS_DEPLOYMENT_TARGET = 15.4;
				MTL_ENABLE_DEBUG_INFO = INCLUDE_SOURCE;
				MTL_FAST_MATH = YES;
				ONLY_ACTIVE_ARCH = YES;
				SDKROOT = iphoneos;
				SWIFT_ACTIVE_COMPILATION_CONDITIONS = DEBUG;
				SWIFT_OPTIMIZATION_LEVEL = "-Onone";
			};
			name = Debug;
		};
		2FA6BDC227EEAE74007F766E /* Release */ = {
			isa = XCBuildConfiguration;
			buildSettings = {
				ALWAYS_SEARCH_USER_PATHS = NO;
				CLANG_ANALYZER_NONNULL = YES;
				CLANG_ANALYZER_NUMBER_OBJECT_CONVERSION = YES_AGGRESSIVE;
				CLANG_CXX_LANGUAGE_STANDARD = "gnu++17";
				CLANG_ENABLE_MODULES = YES;
				CLANG_ENABLE_OBJC_ARC = YES;
				CLANG_ENABLE_OBJC_WEAK = YES;
				CLANG_WARN_BLOCK_CAPTURE_AUTORELEASING = YES;
				CLANG_WARN_BOOL_CONVERSION = YES;
				CLANG_WARN_COMMA = YES;
				CLANG_WARN_CONSTANT_CONVERSION = YES;
				CLANG_WARN_DEPRECATED_OBJC_IMPLEMENTATIONS = YES;
				CLANG_WARN_DIRECT_OBJC_ISA_USAGE = YES_ERROR;
				CLANG_WARN_DOCUMENTATION_COMMENTS = YES;
				CLANG_WARN_EMPTY_BODY = YES;
				CLANG_WARN_ENUM_CONVERSION = YES;
				CLANG_WARN_INFINITE_RECURSION = YES;
				CLANG_WARN_INT_CONVERSION = YES;
				CLANG_WARN_NON_LITERAL_NULL_CONVERSION = YES;
				CLANG_WARN_OBJC_IMPLICIT_RETAIN_SELF = YES;
				CLANG_WARN_OBJC_LITERAL_CONVERSION = YES;
				CLANG_WARN_OBJC_ROOT_CLASS = YES_ERROR;
				CLANG_WARN_QUOTED_INCLUDE_IN_FRAMEWORK_HEADER = YES;
				CLANG_WARN_RANGE_LOOP_ANALYSIS = YES;
				CLANG_WARN_STRICT_PROTOTYPES = YES;
				CLANG_WARN_SUSPICIOUS_MOVE = YES;
				CLANG_WARN_UNGUARDED_AVAILABILITY = YES_AGGRESSIVE;
				CLANG_WARN_UNREACHABLE_CODE = YES;
				CLANG_WARN__DUPLICATE_METHOD_MATCH = YES;
				COPY_PHASE_STRIP = NO;
				DEBUG_INFORMATION_FORMAT = "dwarf-with-dsym";
				ENABLE_NS_ASSERTIONS = NO;
				ENABLE_STRICT_OBJC_MSGSEND = YES;
				GCC_C_LANGUAGE_STANDARD = gnu11;
				GCC_NO_COMMON_BLOCKS = YES;
				GCC_WARN_64_TO_32_BIT_CONVERSION = YES;
				GCC_WARN_ABOUT_RETURN_TYPE = YES_ERROR;
				GCC_WARN_UNDECLARED_SELECTOR = YES;
				GCC_WARN_UNINITIALIZED_AUTOS = YES_AGGRESSIVE;
				GCC_WARN_UNUSED_FUNCTION = YES;
				GCC_WARN_UNUSED_VARIABLE = YES;
				IPHONEOS_DEPLOYMENT_TARGET = 15.4;
				MTL_ENABLE_DEBUG_INFO = NO;
				MTL_FAST_MATH = YES;
				SDKROOT = iphoneos;
				SWIFT_COMPILATION_MODE = wholemodule;
				SWIFT_OPTIMIZATION_LEVEL = "-O";
				VALIDATE_PRODUCT = YES;
			};
			name = Release;
		};
		2FA6BDC427EEAE74007F766E /* Debug */ = {
			isa = XCBuildConfiguration;
			buildSettings = {
				ASSETCATALOG_COMPILER_APPICON_NAME = AppIcon;
				ASSETCATALOG_COMPILER_GLOBAL_ACCENT_COLOR_NAME = AccentColor;
				CODE_SIGN_STYLE = Automatic;
				CURRENT_PROJECT_VERSION = 1;
				DEVELOPMENT_TEAM = 22P58SR4VW;
				GENERATE_INFOPLIST_FILE = YES;
				INFOPLIST_FILE = RappiPeli/Info.plist;
				INFOPLIST_KEY_UIApplicationSupportsIndirectInputEvents = YES;
				INFOPLIST_KEY_UILaunchStoryboardName = LaunchScreen;
				INFOPLIST_KEY_UIMainStoryboardFile = Main;
				INFOPLIST_KEY_UISupportedInterfaceOrientations_iPad = "UIInterfaceOrientationPortrait UIInterfaceOrientationPortraitUpsideDown UIInterfaceOrientationLandscapeLeft UIInterfaceOrientationLandscapeRight";
				INFOPLIST_KEY_UISupportedInterfaceOrientations_iPhone = "UIInterfaceOrientationPortrait UIInterfaceOrientationLandscapeLeft UIInterfaceOrientationLandscapeRight";
				LD_RUNPATH_SEARCH_PATHS = (
					"$(inherited)",
					"@executable_path/Frameworks",
				);
				MARKETING_VERSION = 1.0;
				PRODUCT_BUNDLE_IDENTIFIER = com.mvelasquezherrera.RappiPeli;
				PRODUCT_NAME = "$(TARGET_NAME)";
				SWIFT_EMIT_LOC_STRINGS = YES;
				SWIFT_VERSION = 5.0;
				TARGETED_DEVICE_FAMILY = "1,2";
			};
			name = Debug;
		};
		2FA6BDC527EEAE74007F766E /* Release */ = {
			isa = XCBuildConfiguration;
			buildSettings = {
				ASSETCATALOG_COMPILER_APPICON_NAME = AppIcon;
				ASSETCATALOG_COMPILER_GLOBAL_ACCENT_COLOR_NAME = AccentColor;
				CODE_SIGN_STYLE = Automatic;
				CURRENT_PROJECT_VERSION = 1;
				DEVELOPMENT_TEAM = 22P58SR4VW;
				GENERATE_INFOPLIST_FILE = YES;
				INFOPLIST_FILE = RappiPeli/Info.plist;
				INFOPLIST_KEY_UIApplicationSupportsIndirectInputEvents = YES;
				INFOPLIST_KEY_UILaunchStoryboardName = LaunchScreen;
				INFOPLIST_KEY_UIMainStoryboardFile = Main;
				INFOPLIST_KEY_UISupportedInterfaceOrientations_iPad = "UIInterfaceOrientationPortrait UIInterfaceOrientationPortraitUpsideDown UIInterfaceOrientationLandscapeLeft UIInterfaceOrientationLandscapeRight";
				INFOPLIST_KEY_UISupportedInterfaceOrientations_iPhone = "UIInterfaceOrientationPortrait UIInterfaceOrientationLandscapeLeft UIInterfaceOrientationLandscapeRight";
				LD_RUNPATH_SEARCH_PATHS = (
					"$(inherited)",
					"@executable_path/Frameworks",
				);
				MARKETING_VERSION = 1.0;
				PRODUCT_BUNDLE_IDENTIFIER = com.mvelasquezherrera.RappiPeli;
				PRODUCT_NAME = "$(TARGET_NAME)";
				SWIFT_EMIT_LOC_STRINGS = YES;
				SWIFT_VERSION = 5.0;
				TARGETED_DEVICE_FAMILY = "1,2";
			};
			name = Release;
		};
		2FA6BDC727EEAE74007F766E /* Debug */ = {
			isa = XCBuildConfiguration;
			buildSettings = {
				ALWAYS_EMBED_SWIFT_STANDARD_LIBRARIES = YES;
				BUNDLE_LOADER = "$(TEST_HOST)";
				CODE_SIGN_STYLE = Automatic;
				CURRENT_PROJECT_VERSION = 1;
				DEVELOPMENT_TEAM = 22P58SR4VW;
				GENERATE_INFOPLIST_FILE = YES;
				IPHONEOS_DEPLOYMENT_TARGET = 15.4;
				MARKETING_VERSION = 1.0;
				PRODUCT_BUNDLE_IDENTIFIER = com.mvelasquezherrera.RappiPeliTests;
				PRODUCT_NAME = "$(TARGET_NAME)";
				SWIFT_EMIT_LOC_STRINGS = NO;
				SWIFT_VERSION = 5.0;
				TARGETED_DEVICE_FAMILY = "1,2";
				TEST_HOST = "$(BUILT_PRODUCTS_DIR)/RappiPeli.app/RappiPeli";
			};
			name = Debug;
		};
		2FA6BDC827EEAE74007F766E /* Release */ = {
			isa = XCBuildConfiguration;
			buildSettings = {
				ALWAYS_EMBED_SWIFT_STANDARD_LIBRARIES = YES;
				BUNDLE_LOADER = "$(TEST_HOST)";
				CODE_SIGN_STYLE = Automatic;
				CURRENT_PROJECT_VERSION = 1;
				DEVELOPMENT_TEAM = 22P58SR4VW;
				GENERATE_INFOPLIST_FILE = YES;
				IPHONEOS_DEPLOYMENT_TARGET = 15.4;
				MARKETING_VERSION = 1.0;
				PRODUCT_BUNDLE_IDENTIFIER = com.mvelasquezherrera.RappiPeliTests;
				PRODUCT_NAME = "$(TARGET_NAME)";
				SWIFT_EMIT_LOC_STRINGS = NO;
				SWIFT_VERSION = 5.0;
				TARGETED_DEVICE_FAMILY = "1,2";
				TEST_HOST = "$(BUILT_PRODUCTS_DIR)/RappiPeli.app/RappiPeli";
			};
			name = Release;
		};
		2FA6BDCA27EEAE74007F766E /* Debug */ = {
			isa = XCBuildConfiguration;
			buildSettings = {
				ALWAYS_EMBED_SWIFT_STANDARD_LIBRARIES = YES;
				CODE_SIGN_STYLE = Automatic;
				CURRENT_PROJECT_VERSION = 1;
				DEVELOPMENT_TEAM = 22P58SR4VW;
				GENERATE_INFOPLIST_FILE = YES;
				MARKETING_VERSION = 1.0;
				PRODUCT_BUNDLE_IDENTIFIER = com.mvelasquezherrera.RappiPeliUITests;
				PRODUCT_NAME = "$(TARGET_NAME)";
				SWIFT_EMIT_LOC_STRINGS = NO;
				SWIFT_VERSION = 5.0;
				TARGETED_DEVICE_FAMILY = "1,2";
				TEST_TARGET_NAME = RappiPeli;
			};
			name = Debug;
		};
		2FA6BDCB27EEAE74007F766E /* Release */ = {
			isa = XCBuildConfiguration;
			buildSettings = {
				ALWAYS_EMBED_SWIFT_STANDARD_LIBRARIES = YES;
				CODE_SIGN_STYLE = Automatic;
				CURRENT_PROJECT_VERSION = 1;
				DEVELOPMENT_TEAM = 22P58SR4VW;
				GENERATE_INFOPLIST_FILE = YES;
				MARKETING_VERSION = 1.0;
				PRODUCT_BUNDLE_IDENTIFIER = com.mvelasquezherrera.RappiPeliUITests;
				PRODUCT_NAME = "$(TARGET_NAME)";
				SWIFT_EMIT_LOC_STRINGS = NO;
				SWIFT_VERSION = 5.0;
				TARGETED_DEVICE_FAMILY = "1,2";
				TEST_TARGET_NAME = RappiPeli;
			};
			name = Release;
		};
/* End XCBuildConfiguration section */

/* Begin XCConfigurationList section */
		2FA6BD9427EEAE73007F766E /* Build configuration list for PBXProject "RappiPeli" */ = {
			isa = XCConfigurationList;
			buildConfigurations = (
				2FA6BDC127EEAE74007F766E /* Debug */,
				2FA6BDC227EEAE74007F766E /* Release */,
			);
			defaultConfigurationIsVisible = 0;
			defaultConfigurationName = Release;
		};
		2FA6BDC327EEAE74007F766E /* Build configuration list for PBXNativeTarget "RappiPeli" */ = {
			isa = XCConfigurationList;
			buildConfigurations = (
				2FA6BDC427EEAE74007F766E /* Debug */,
				2FA6BDC527EEAE74007F766E /* Release */,
			);
			defaultConfigurationIsVisible = 0;
			defaultConfigurationName = Release;
		};
		2FA6BDC627EEAE74007F766E /* Build configuration list for PBXNativeTarget "RappiPeliTests" */ = {
			isa = XCConfigurationList;
			buildConfigurations = (
				2FA6BDC727EEAE74007F766E /* Debug */,
				2FA6BDC827EEAE74007F766E /* Release */,
			);
			defaultConfigurationIsVisible = 0;
			defaultConfigurationName = Release;
		};
		2FA6BDC927EEAE74007F766E /* Build configuration list for PBXNativeTarget "RappiPeliUITests" */ = {
			isa = XCConfigurationList;
			buildConfigurations = (
				2FA6BDCA27EEAE74007F766E /* Debug */,
				2FA6BDCB27EEAE74007F766E /* Release */,
			);
			defaultConfigurationIsVisible = 0;
			defaultConfigurationName = Release;
		};
/* End XCConfigurationList section */
	};
	rootObject = 2FA6BD9127EEAE73007F766E /* Project object */;
}
